
Microsoft Visual Studio Solution File, Format Version 12.00
# Visual Studio Version 16
VisualStudioVersion = 16.0.29806.167
MinimumVisualStudioVersion = 10.0.40219.1
Project("{9A19103F-16F7-4668-BE54-9A1E7A4F7556}") = "4 task", "4 task\4 task.csproj", "{C49BE51A-4239-42D5-9749-22E9EC9C790E}"
EndProject
Project("{FAE04EC0-301F-11D3-BF4B-00C04F79EFBC}") = "Task 4", "Task 4\Task 4.csproj", "{C867428E-5B46-46D6-B8E5-35C357067EA7}"
EndProject
Project("{FAE04EC0-301F-11D3-BF4B-00C04F79EFBC}") = "Tests 4", "Tests 4\Tests 4.csproj", "{7833B0E7-646D-499B-891B-F7AF0F7DFBBC}"
EndProject
Global
	GlobalSection(SolutionConfigurationPlatforms) = preSolution
		Debug|Any CPU = Debug|Any CPU
		Release|Any CPU = Release|Any CPU
	EndGlobalSection
	GlobalSection(ProjectConfigurationPlatforms) = postSolution
		{C49BE51A-4239-42D5-9749-22E9EC9C790E}.Debug|Any CPU.ActiveCfg = Debug|Any CPU
		{C49BE51A-4239-42D5-9749-22E9EC9C790E}.Debug|Any CPU.Build.0 = Debug|Any CPU
		{C49BE51A-4239-42D5-9749-22E9EC9C790E}.Release|Any CPU.ActiveCfg = Release|Any CPU
		{C49BE51A-4239-42D5-9749-22E9EC9C790E}.Release|Any CPU.Build.0 = Release|Any CPU
		{C867428E-5B46-46D6-B8E5-35C357067EA7}.Debug|Any CPU.ActiveCfg = Debug|Any CPU
		{C867428E-5B46-46D6-B8E5-35C357067EA7}.Debug|Any CPU.Build.0 = Debug|Any CPU
		{C867428E-5B46-46D6-B8E5-35C357067EA7}.Release|Any CPU.ActiveCfg = Release|Any CPU
		{C867428E-5B46-46D6-B8E5-35C357067EA7}.Release|Any CPU.Build.0 = Release|Any CPU
		{7833B0E7-646D-499B-891B-F7AF0F7DFBBC}.Debug|Any CPU.ActiveCfg = Debug|Any CPU
		{7833B0E7-646D-499B-891B-F7AF0F7DFBBC}.Debug|Any CPU.Build.0 = Debug|Any CPU
		{7833B0E7-646D-499B-891B-F7AF0F7DFBBC}.Release|Any CPU.ActiveCfg = Release|Any CPU
		{7833B0E7-646D-499B-891B-F7AF0F7DFBBC}.Release|Any CPU.Build.0 = Release|Any CPU
	EndGlobalSection
	GlobalSection(SolutionProperties) = preSolution
		HideSolutionNode = FALSE
	EndGlobalSection
	GlobalSection(ExtensibilityGlobals) = postSolution
		SolutionGuid = {9E8C116F-3898-41A2-B4BD-FFB3764970D3}
	EndGlobalSection
EndGlobal
