
Microsoft Visual Studio Solution File, Format Version 12.00
# Visual Studio Version 16
VisualStudioVersion = 16.0.29806.167
MinimumVisualStudioVersion = 10.0.40219.1
Project("{9A19103F-16F7-4668-BE54-9A1E7A4F7556}") = "6 task", "6 task\6 task.csproj", "{8DCDE402-CE1E-4602-B066-E376D6C715DE}"
EndProject
Project("{FAE04EC0-301F-11D3-BF4B-00C04F79EFBC}") = "Task 6", "Task 6\Task 6.csproj", "{417A93DC-06FC-4E54-A049-7B8B7EC98332}"
EndProject
Project("{FAE04EC0-301F-11D3-BF4B-00C04F79EFBC}") = "Tests", "Tests\Tests.csproj", "{6589516B-1E5A-4387-A05C-1FB3FA3161FE}"
EndProject
Global
	GlobalSection(SolutionConfigurationPlatforms) = preSolution
		Debug|Any CPU = Debug|Any CPU
		Release|Any CPU = Release|Any CPU
	EndGlobalSection
	GlobalSection(ProjectConfigurationPlatforms) = postSolution
		{8DCDE402-CE1E-4602-B066-E376D6C715DE}.Debug|Any CPU.ActiveCfg = Debug|Any CPU
		{8DCDE402-CE1E-4602-B066-E376D6C715DE}.Debug|Any CPU.Build.0 = Debug|Any CPU
		{8DCDE402-CE1E-4602-B066-E376D6C715DE}.Release|Any CPU.ActiveCfg = Release|Any CPU
		{8DCDE402-CE1E-4602-B066-E376D6C715DE}.Release|Any CPU.Build.0 = Release|Any CPU
		{417A93DC-06FC-4E54-A049-7B8B7EC98332}.Debug|Any CPU.ActiveCfg = Debug|Any CPU
		{417A93DC-06FC-4E54-A049-7B8B7EC98332}.Debug|Any CPU.Build.0 = Debug|Any CPU
		{417A93DC-06FC-4E54-A049-7B8B7EC98332}.Release|Any CPU.ActiveCfg = Release|Any CPU
		{417A93DC-06FC-4E54-A049-7B8B7EC98332}.Release|Any CPU.Build.0 = Release|Any CPU
		{6589516B-1E5A-4387-A05C-1FB3FA3161FE}.Debug|Any CPU.ActiveCfg = Debug|Any CPU
		{6589516B-1E5A-4387-A05C-1FB3FA3161FE}.Debug|Any CPU.Build.0 = Debug|Any CPU
		{6589516B-1E5A-4387-A05C-1FB3FA3161FE}.Release|Any CPU.ActiveCfg = Release|Any CPU
		{6589516B-1E5A-4387-A05C-1FB3FA3161FE}.Release|Any CPU.Build.0 = Release|Any CPU
	EndGlobalSection
	GlobalSection(SolutionProperties) = preSolution
		HideSolutionNode = FALSE
	EndGlobalSection
	GlobalSection(ExtensibilityGlobals) = postSolution
		SolutionGuid = {30661AE8-6DCB-416B-863A-73D4FFFE43F0}
	EndGlobalSection
EndGlobal
